
Microsoft Visual Studio Solution File, Format Version 12.00
# Visual Studio Version 17
VisualStudioVersion = 17.0.32126.317
MinimumVisualStudioVersion = 10.0.40219.1
Project("{8BC9CEB8-8B4A-11D0-8D11-00A0C91BC942}") = "Valen Zidana Erlita_065_Modifier Public", "Valen Zidana Erlita_065_Modifier Public\Valen Zidana Erlita_065_Modifier Public.vcxproj", "{A6A000A0-CB41-4807-A49F-1658AC35918C}"
EndProject
Global
	GlobalSection(SolutionConfigurationPlatforms) = preSolution
		Debug|x64 = Debug|x64
		Debug|x86 = Debug|x86
		Release|x64 = Release|x64
		Release|x86 = Release|x86
	EndGlobalSection
	GlobalSection(ProjectConfigurationPlatforms) = postSolution
		{A6A000A0-CB41-4807-A49F-1658AC35918C}.Debug|x64.ActiveCfg = Debug|x64
		{A6A000A0-CB41-4807-A49F-1658AC35918C}.Debug|x64.Build.0 = Debug|x64
		{A6A000A0-CB41-4807-A49F-1658AC35918C}.Debug|x86.ActiveCfg = Debug|Win32
		{A6A000A0-CB41-4807-A49F-1658AC35918C}.Debug|x86.Build.0 = Debug|Win32
		{A6A000A0-CB41-4807-A49F-1658AC35918C}.Release|x64.ActiveCfg = Release|x64
		{A6A000A0-CB41-4807-A49F-1658AC35918C}.Release|x64.Build.0 = Release|x64
		{A6A000A0-CB41-4807-A49F-1658AC35918C}.Release|x86.ActiveCfg = Release|Win32
		{A6A000A0-CB41-4807-A49F-1658AC35918C}.Release|x86.Build.0 = Release|Win32
	EndGlobalSection
	GlobalSection(SolutionProperties) = preSolution
		HideSolutionNode = FALSE
	EndGlobalSection
	GlobalSection(ExtensibilityGlobals) = postSolution
		SolutionGuid = {4954FA6F-39F7-4906-9BC0-861AD1F112AB}
	EndGlobalSection
EndGlobal
